
Microsoft Visual Studio Solution File, Format Version 12.00
# Visual Studio 15
VisualStudioVersion = 15.0.27004.2002
MinimumVisualStudioVersion = 10.0.40219.1
Project("{FAE04EC0-301F-11D3-BF4B-00C04F79EFBC}") = "lab14", "lab14\lab14.csproj", "{339F786F-797B-4419-A9F8-D032658A68D6}"
EndProject
Global
	GlobalSection(SolutionConfigurationPlatforms) = preSolution
		Debug|Any CPU = Debug|Any CPU
		Release|Any CPU = Release|Any CPU
	EndGlobalSection
	GlobalSection(ProjectConfigurationPlatforms) = postSolution
		{339F786F-797B-4419-A9F8-D032658A68D6}.Debug|Any CPU.ActiveCfg = Debug|Any CPU
		{339F786F-797B-4419-A9F8-D032658A68D6}.Debug|Any CPU.Build.0 = Debug|Any CPU
		{339F786F-797B-4419-A9F8-D032658A68D6}.Release|Any CPU.ActiveCfg = Release|Any CPU
		{339F786F-797B-4419-A9F8-D032658A68D6}.Release|Any CPU.Build.0 = Release|Any CPU
	EndGlobalSection
	GlobalSection(SolutionProperties) = preSolution
		HideSolutionNode = FALSE
	EndGlobalSection
	GlobalSection(ExtensibilityGlobals) = postSolution
		SolutionGuid = {4351C755-81D3-4F38-BE6F-8D03C8A37C00}
	EndGlobalSection
EndGlobal
